// !$*UTF8*$!
{
	archiveVersion = 1;
	classes = {
	};
	objectVersion = 56;
	objects = {

/* Begin PBXBuildFile section */
		BBFA515028F84EB5003A861A /* AppDelegate.swift in Sources */ = {isa = PBXBuildFile; fileRef = BBFA514F28F84EB5003A861A /* AppDelegate.swift */; };
		BBFA515228F84EB5003A861A /* SceneDelegate.swift in Sources */ = {isa = PBXBuildFile; fileRef = BBFA515128F84EB5003A861A /* SceneDelegate.swift */; };
		BBFA515428F84EB5003A861A /* ViewController.swift in Sources */ = {isa = PBXBuildFile; fileRef = BBFA515328F84EB5003A861A /* ViewController.swift */; };
		BBFA515728F84EB5003A861A /* Main.storyboard in Resources */ = {isa = PBXBuildFile; fileRef = BBFA515528F84EB5003A861A /* Main.storyboard */; };
		BBFA515A28F84EB5003A861A /* sampleContactApp.xcdatamodeld in Sources */ = {isa = PBXBuildFile; fileRef = BBFA515828F84EB5003A861A /* sampleContactApp.xcdatamodeld */; };
		BBFA515C28F84EB6003A861A /* Assets.xcassets in Resources */ = {isa = PBXBuildFile; fileRef = BBFA515B28F84EB6003A861A /* Assets.xcassets */; };
		BBFA515F28F84EB6003A861A /* LaunchScreen.storyboard in Resources */ = {isa = PBXBuildFile; fileRef = BBFA515D28F84EB6003A861A /* LaunchScreen.storyboard */; };
		BBFA516728F989A5003A861A /* UpdateViewController.swift in Sources */ = {isa = PBXBuildFile; fileRef = BBFA516628F989A5003A861A /* UpdateViewController.swift */; };
		BBFA516928F989B5003A861A /* DetailsViewController.swift in Sources */ = {isa = PBXBuildFile; fileRef = BBFA516828F989B5003A861A /* DetailsViewController.swift */; };
		BBFA516B28F989C6003A861A /* PersonTableViewCell.swift in Sources */ = {isa = PBXBuildFile; fileRef = BBFA516A28F989C6003A861A /* PersonTableViewCell.swift */; };
		BBFA516D28F98A06003A861A /* AddViewController.swift in Sources */ = {isa = PBXBuildFile; fileRef = BBFA516C28F98A06003A861A /* AddViewController.swift */; };
/* End PBXBuildFile section */

/* Begin PBXFileReference section */
		BBFA514C28F84EB5003A861A /* sampleContactApp.app */ = {isa = PBXFileReference; explicitFileType = wrapper.application; includeInIndex = 0; path = sampleContactApp.app; sourceTree = BUILT_PRODUCTS_DIR; };
		BBFA514F28F84EB5003A861A /* AppDelegate.swift */ = {isa = PBXFileReference; lastKnownFileType = sourcecode.swift; path = AppDelegate.swift; sourceTree = "<group>"; };
		BBFA515128F84EB5003A861A /* SceneDelegate.swift */ = {isa = PBXFileReference; lastKnownFileType = sourcecode.swift; path = SceneDelegate.swift; sourceTree = "<group>"; };
		BBFA515328F84EB5003A861A /* ViewController.swift */ = {isa = PBXFileReference; lastKnownFileType = sourcecode.swift; path = ViewController.swift; sourceTree = "<group>"; };
		BBFA515628F84EB5003A861A /* Base */ = {isa = PBXFileReference; lastKnownFileType = file.storyboard; name = Base; path = Base.lproj/Main.storyboard; sourceTree = "<group>"; };
		BBFA515928F84EB5003A861A /* sampleContactApp.xcdatamodel */ = {isa = PBXFileReference; lastKnownFileType = wrapper.xcdatamodel; path = sampleContactApp.xcdatamodel; sourceTree = "<group>"; };
		BBFA515B28F84EB6003A861A /* Assets.xcassets */ = {isa = PBXFileReference; lastKnownFileType = folder.assetcatalog; path = Assets.xcassets; sourceTree = "<group>"; };
		BBFA515E28F84EB6003A861A /* Base */ = {isa = PBXFileReference; lastKnownFileType = file.storyboard; name = Base; path = Base.lproj/LaunchScreen.storyboard; sourceTree = "<group>"; };
		BBFA516028F84EB6003A861A /* Info.plist */ = {isa = PBXFileReference; lastKnownFileType = text.plist.xml; path = Info.plist; sourceTree = "<group>"; };
		BBFA516628F989A5003A861A /* UpdateViewController.swift */ = {isa = PBXFileReference; lastKnownFileType = sourcecode.swift; path = UpdateViewController.swift; sourceTree = "<group>"; };
		BBFA516828F989B5003A861A /* DetailsViewController.swift */ = {isa = PBXFileReference; lastKnownFileType = sourcecode.swift; path = DetailsViewController.swift; sourceTree = "<group>"; };
		BBFA516A28F989C6003A861A /* PersonTableViewCell.swift */ = {isa = PBXFileReference; lastKnownFileType = sourcecode.swift; path = PersonTableViewCell.swift; sourceTree = "<group>"; };
		BBFA516C28F98A06003A861A /* AddViewController.swift */ = {isa = PBXFileReference; lastKnownFileType = sourcecode.swift; path = AddViewController.swift; sourceTree = "<group>"; };
/* End PBXFileReference section */

/* Begin PBXFrameworksBuildPhase section */
		BBFA514928F84EB5003A861A /* Frameworks */ = {
			isa = PBXFrameworksBuildPhase;
			buildActionMask = 2147483647;
			files = (
			);
			runOnlyForDeploymentPostprocessing = 0;
		};
/* End PBXFrameworksBuildPhase section */

/* Begin PBXGroup section */
		BBFA514328F84EB5003A861A = {
			isa = PBXGroup;
			children = (
				BBFA514E28F84EB5003A861A /* sampleContactApp */,
				BBFA514D28F84EB5003A861A /* Products */,
			);
			sourceTree = "<group>";
		};
		BBFA514D28F84EB5003A861A /* Products */ = {
			isa = PBXGroup;
			children = (
				BBFA514C28F84EB5003A861A /* sampleContactApp.app */,
			);
			name = Products;
			sourceTree = "<group>";
		};
		BBFA514E28F84EB5003A861A /* sampleContactApp */ = {
			isa = PBXGroup;
			children = (
				BBFA514F28F84EB5003A861A /* AppDelegate.swift */,
				BBFA515128F84EB5003A861A /* SceneDelegate.swift */,
				BBFA515328F84EB5003A861A /* ViewController.swift */,
				BBFA515528F84EB5003A861A /* Main.storyboard */,
				BBFA515B28F84EB6003A861A /* Assets.xcassets */,
				BBFA515D28F84EB6003A861A /* LaunchScreen.storyboard */,
				BBFA516028F84EB6003A861A /* Info.plist */,
				BBFA515828F84EB5003A861A /* sampleContactApp.xcdatamodeld */,
				BBFA516628F989A5003A861A /* UpdateViewController.swift */,
				BBFA516828F989B5003A861A /* DetailsViewController.swift */,
				BBFA516A28F989C6003A861A /* PersonTableViewCell.swift */,
				BBFA516C28F98A06003A861A /* AddViewController.swift */,
			);
			path = sampleContactApp;
			sourceTree = "<group>";
		};
/* End PBXGroup section */

/* Begin PBXNativeTarget section */
		BBFA514B28F84EB5003A861A /* sampleContactApp */ = {
			isa = PBXNativeTarget;
			buildConfigurationList = BBFA516328F84EB6003A861A /* Build configuration list for PBXNativeTarget "sampleContactApp" */;
			buildPhases = (
				BBFA514828F84EB5003A861A /* Sources */,
				BBFA514928F84EB5003A861A /* Frameworks */,
				BBFA514A28F84EB5003A861A /* Resources */,
			);
			buildRules = (
			);
			dependencies = (
			);
			name = sampleContactApp;
			productName = sampleContactApp;
			productReference = BBFA514C28F84EB5003A861A /* sampleContactApp.app */;
			productType = "com.apple.product-type.application";
		};
/* End PBXNativeTarget section */

/* Begin PBXProject section */
		BBFA514428F84EB5003A861A /* Project object */ = {
			isa = PBXProject;
			attributes = {
				BuildIndependentTargetsInParallel = 1;
				LastSwiftUpdateCheck = 1400;
				LastUpgradeCheck = 1400;
				TargetAttributes = {
					BBFA514B28F84EB5003A861A = {
						CreatedOnToolsVersion = 14.0.1;
					};
				};
			};
			buildConfigurationList = BBFA514728F84EB5003A861A /* Build configuration list for PBXProject "sampleContactApp" */;
			compatibilityVersion = "Xcode 14.0";
			developmentRegion = en;
			hasScannedForEncodings = 0;
			knownRegions = (
				en,
				Base,
			);
			mainGroup = BBFA514328F84EB5003A861A;
			productRefGroup = BBFA514D28F84EB5003A861A /* Products */;
			projectDirPath = "";
			projectRoot = "";
			targets = (
				BBFA514B28F84EB5003A861A /* sampleContactApp */,
			);
		};
/* End PBXProject section */

/* Begin PBXResourcesBuildPhase section */
		BBFA514A28F84EB5003A861A /* Resources */ = {
			isa = PBXResourcesBuildPhase;
			buildActionMask = 2147483647;
			files = (
				BBFA515F28F84EB6003A861A /* LaunchScreen.storyboard in Resources */,
				BBFA515C28F84EB6003A861A /* Assets.xcassets in Resources */,
				BBFA515728F84EB5003A861A /* Main.storyboard in Resources */,
			);
			runOnlyForDeploymentPostprocessing = 0;
		};
/* End PBXResourcesBuildPhase section */

/* Begin PBXSourcesBuildPhase section */
		BBFA514828F84EB5003A861A /* Sources */ = {
			isa = PBXSourcesBuildPhase;
			buildActionMask = 2147483647;
			files = (
				BBFA515A28F84EB5003A861A /* sampleContactApp.xcdatamodeld in Sources */,
				BBFA515428F84EB5003A861A /* ViewController.swift in Sources */,
				BBFA516D28F98A06003A861A /* AddViewController.swift in Sources */,
				BBFA515028F84EB5003A861A /* AppDelegate.swift in Sources */,
				BBFA515228F84EB5003A861A /* SceneDelegate.swift in Sources */,
				BBFA516728F989A5003A861A /* UpdateViewController.swift in Sources */,
				BBFA516B28F989C6003A861A /* PersonTableViewCell.swift in Sources */,
				BBFA516928F989B5003A861A /* DetailsViewController.swift in Sources */,
			);
			runOnlyForDeploymentPostprocessing = 0;
		};
/* End PBXSourcesBuildPhase section */

/* Begin PBXVariantGroup section */
		BBFA515528F84EB5003A861A /* Main.storyboard */ = {
			isa = PBXVariantGroup;
			children = (
				BBFA515628F84EB5003A861A /* Base */,
			);
			name = Main.storyboard;
			sourceTree = "<group>";
		};
		BBFA515D28F84EB6003A861A /* LaunchScreen.storyboard */ = {
			isa = PBXVariantGroup;
			children = (
				BBFA515E28F84EB6003A861A /* Base */,
			);
			name = LaunchScreen.storyboard;
			sourceTree = "<group>";
		};
/* End PBXVariantGroup section */

/* Begin XCBuildConfiguration section */
		BBFA516128F84EB6003A861A /* Debug */ = {
			isa = XCBuildConfiguration;
			buildSettings = {
				ALWAYS_SEARCH_USER_PATHS = NO;
				CLANG_ANALYZER_NONNULL = YES;
				CLANG_ANALYZER_NUMBER_OBJECT_CONVERSION = YES_AGGRESSIVE;
				CLANG_CXX_LANGUAGE_STANDARD = "gnu++20";
				CLANG_ENABLE_MODULES = YES;
				CLANG_ENABLE_OBJC_ARC = YES;
				CLANG_ENABLE_OBJC_WEAK = YES;
				CLANG_WARN_BLOCK_CAPTURE_AUTORELEASING = YES;
				CLANG_WARN_BOOL_CONVERSION = YES;
				CLANG_WARN_COMMA = YES;
				CLANG_WARN_CONSTANT_CONVERSION = YES;
				CLANG_WARN_DEPRECATED_OBJC_IMPLEMENTATIONS = YES;
				CLANG_WARN_DIRECT_OBJC_ISA_USAGE = YES_ERROR;
				CLANG_WARN_DOCUMENTATION_COMMENTS = YES;
				CLANG_WARN_EMPTY_BODY = YES;
				CLANG_WARN_ENUM_CONVERSION = YES;
				CLANG_WARN_INFINITE_RECURSION = YES;
				CLANG_WARN_INT_CONVERSION = YES;
				CLANG_WARN_NON_LITERAL_NULL_CONVERSION = YES;
				CLANG_WARN_OBJC_IMPLICIT_RETAIN_SELF = YES;
				CLANG_WARN_OBJC_LITERAL_CONVERSION = YES;
				CLANG_WARN_OBJC_ROOT_CLASS = YES_ERROR;
				CLANG_WARN_QUOTED_INCLUDE_IN_FRAMEWORK_HEADER = YES;
				CLANG_WARN_RANGE_LOOP_ANALYSIS = YES;
				CLANG_WARN_STRICT_PROTOTYPES = YES;
				CLANG_WARN_SUSPICIOUS_MOVE = YES;
				CLANG_WARN_UNGUARDED_AVAILABILITY = YES_AGGRESSIVE;
				CLANG_WARN_UNREACHABLE_CODE = YES;
				CLANG_WARN__DUPLICATE_METHOD_MATCH = YES;
				COPY_PHASE_STRIP = NO;
				DEBUG_INFORMATION_FORMAT = dwarf;
				ENABLE_STRICT_OBJC_MSGSEND = YES;
				ENABLE_TESTABILITY = YES;
				GCC_C_LANGUAGE_STANDARD = gnu11;
				GCC_DYNAMIC_NO_PIC = NO;
				GCC_NO_COMMON_BLOCKS = YES;
				GCC_OPTIMIZATION_LEVEL = 0;
				GCC_PREPROCESSOR_DEFINITIONS = (
					"DEBUG=1",
					"$(inherited)",
				);
				GCC_WARN_64_TO_32_BIT_CONVERSION = YES;
				GCC_WARN_ABOUT_RETURN_TYPE = YES_ERROR;
				GCC_WARN_UNDECLARED_SELECTOR = YES;
				GCC_WARN_UNINITIALIZED_AUTOS = YES_AGGRESSIVE;
				GCC_WARN_UNUSED_FUNCTION = YES;
				GCC_WARN_UNUSED_VARIABLE = YES;
				IPHONEOS_DEPLOYMENT_TARGET = 16.0;
				MTL_ENABLE_DEBUG_INFO = INCLUDE_SOURCE;
				MTL_FAST_MATH = YES;
				ONLY_ACTIVE_ARCH = YES;
				SDKROOT = iphoneos;
				SWIFT_ACTIVE_COMPILATION_CONDITIONS = DEBUG;
				SWIFT_OPTIMIZATION_LEVEL = "-Onone";
			};
			name = Debug;
		};
		BBFA516228F84EB6003A861A /* Release */ = {
			isa = XCBuildConfiguration;
			buildSettings = {
				ALWAYS_SEARCH_USER_PATHS = NO;
				CLANG_ANALYZER_NONNULL = YES;
				CLANG_ANALYZER_NUMBER_OBJECT_CONVERSION = YES_AGGRESSIVE;
				CLANG_CXX_LANGUAGE_STANDARD = "gnu++20";
				CLANG_ENABLE_MODULES = YES;
				CLANG_ENABLE_OBJC_ARC = YES;
				CLANG_ENABLE_OBJC_WEAK = YES;
				CLANG_WARN_BLOCK_CAPTURE_AUTORELEASING = YES;
				CLANG_WARN_BOOL_CONVERSION = YES;
				CLANG_WARN_COMMA = YES;
				CLANG_WARN_CONSTANT_CONVERSION = YES;
				CLANG_WARN_DEPRECATED_OBJC_IMPLEMENTATIONS = YES;
				CLANG_WARN_DIRECT_OBJC_ISA_USAGE = YES_ERROR;
				CLANG_WARN_DOCUMENTATION_COMMENTS = YES;
				CLANG_WARN_EMPTY_BODY = YES;
				CLANG_WARN_ENUM_CONVERSION = YES;
				CLANG_WARN_INFINITE_RECURSION = YES;
				CLANG_WARN_INT_CONVERSION = YES;
				CLANG_WARN_NON_LITERAL_NULL_CONVERSION = YES;
				CLANG_WARN_OBJC_IMPLICIT_RETAIN_SELF = YES;
				CLANG_WARN_OBJC_LITERAL_CONVERSION = YES;
				CLANG_WARN_OBJC_ROOT_CLASS = YES_ERROR;
				CLANG_WARN_QUOTED_INCLUDE_IN_FRAMEWORK_HEADER = YES;
				CLANG_WARN_RANGE_LOOP_ANALYSIS = YES;
				CLANG_WARN_STRICT_PROTOTYPES = YES;
				CLANG_WARN_SUSPICIOUS_MOVE = YES;
				CLANG_WARN_UNGUARDED_AVAILABILITY = YES_AGGRESSIVE;
				CLANG_WARN_UNREACHABLE_CODE = YES;
				CLANG_WARN__DUPLICATE_METHOD_MATCH = YES;
				COPY_PHASE_STRIP = NO;
				DEBUG_INFORMATION_FORMAT = "dwarf-with-dsym";
				ENABLE_NS_ASSERTIONS = NO;
				ENABLE_STRICT_OBJC_MSGSEND = YES;
				GCC_C_LANGUAGE_STANDARD = gnu11;
				GCC_NO_COMMON_BLOCKS = YES;
				GCC_WARN_64_TO_32_BIT_CONVERSION = YES;
				GCC_WARN_ABOUT_RETURN_TYPE = YES_ERROR;
				GCC_WARN_UNDECLARED_SELECTOR = YES;
				GCC_WARN_UNINITIALIZED_AUTOS = YES_AGGRESSIVE;
				GCC_WARN_UNUSED_FUNCTION = YES;
				GCC_WARN_UNUSED_VARIABLE = YES;
				IPHONEOS_DEPLOYMENT_TARGET = 16.0;
				MTL_ENABLE_DEBUG_INFO = NO;
				MTL_FAST_MATH = YES;
				SDKROOT = iphoneos;
				SWIFT_COMPILATION_MODE = wholemodule;
				SWIFT_OPTIMIZATION_LEVEL = "-O";
				VALIDATE_PRODUCT = YES;
			};
			name = Release;
		};
		BBFA516428F84EB6003A861A /* Debug */ = {
			isa = XCBuildConfiguration;
			buildSettings = {
				ASSETCATALOG_COMPILER_APPICON_NAME = AppIcon;
				ASSETCATALOG_COMPILER_GLOBAL_ACCENT_COLOR_NAME = AccentColor;
				CODE_SIGN_STYLE = Automatic;
				CURRENT_PROJECT_VERSION = 1;
				DEVELOPMENT_TEAM = 7WTYA7M3KW;
				GENERATE_INFOPLIST_FILE = YES;
				INFOPLIST_FILE = sampleContactApp/Info.plist;
				INFOPLIST_KEY_UIApplicationSupportsIndirectInputEvents = YES;
				INFOPLIST_KEY_UILaunchStoryboardName = LaunchScreen;
				INFOPLIST_KEY_UIMainStoryboardFile = Main;
				INFOPLIST_KEY_UISupportedInterfaceOrientations_iPad = "UIInterfaceOrientationPortrait UIInterfaceOrientationPortraitUpsideDown UIInterfaceOrientationLandscapeLeft UIInterfaceOrientationLandscapeRight";
				INFOPLIST_KEY_UISupportedInterfaceOrientations_iPhone = "UIInterfaceOrientationPortrait UIInterfaceOrientationLandscapeLeft UIInterfaceOrientationLandscapeRight";
				LD_RUNPATH_SEARCH_PATHS = (
					"$(inherited)",
					"@executable_path/Frameworks",
				);
				MARKETING_VERSION = 1.0;
				PRODUCT_BUNDLE_IDENTIFIER = com.yusufcanbircan.sampleContactApp;
				PRODUCT_NAME = "$(TARGET_NAME)";
				SWIFT_EMIT_LOC_STRINGS = YES;
				SWIFT_VERSION = 5.0;
				TARGETED_DEVICE_FAMILY = "1,2";
			};
			name = Debug;
		};
		BBFA516528F84EB6003A861A /* Release */ = {
			isa = XCBuildConfiguration;
			buildSettings = {
				ASSETCATALOG_COMPILER_APPICON_NAME = AppIcon;
				ASSETCATALOG_COMPILER_GLOBAL_ACCENT_COLOR_NAME = AccentColor;
				CODE_SIGN_STYLE = Automatic;
				CURRENT_PROJECT_VERSION = 1;
				DEVELOPMENT_TEAM = 7WTYA7M3KW;
				GENERATE_INFOPLIST_FILE = YES;
				INFOPLIST_FILE = sampleContactApp/Info.plist;
				INFOPLIST_KEY_UIApplicationSupportsIndirectInputEvents = YES;
				INFOPLIST_KEY_UILaunchStoryboardName = LaunchScreen;
				INFOPLIST_KEY_UIMainStoryboardFile = Main;
				INFOPLIST_KEY_UISupportedInterfaceOrientations_iPad = "UIInterfaceOrientationPortrait UIInterfaceOrientationPortraitUpsideDown UIInterfaceOrientationLandscapeLeft UIInterfaceOrientationLandscapeRight";
				INFOPLIST_KEY_UISupportedInterfaceOrientations_iPhone = "UIInterfaceOrientationPortrait UIInterfaceOrientationLandscapeLeft UIInterfaceOrientationLandscapeRight";
				LD_RUNPATH_SEARCH_PATHS = (
					"$(inherited)",
					"@executable_path/Frameworks",
				);
				MARKETING_VERSION = 1.0;
				PRODUCT_BUNDLE_IDENTIFIER = com.yusufcanbircan.sampleContactApp;
				PRODUCT_NAME = "$(TARGET_NAME)";
				SWIFT_EMIT_LOC_STRINGS = YES;
				SWIFT_VERSION = 5.0;
				TARGETED_DEVICE_FAMILY = "1,2";
			};
			name = Release;
		};
/* End XCBuildConfiguration section */

/* Begin XCConfigurationList section */
		BBFA514728F84EB5003A861A /* Build configuration list for PBXProject "sampleContactApp" */ = {
			isa = XCConfigurationList;
			buildConfigurations = (
				BBFA516128F84EB6003A861A /* Debug */,
				BBFA516228F84EB6003A861A /* Release */,
			);
			defaultConfigurationIsVisible = 0;
			defaultConfigurationName = Release;
		};
		BBFA516328F84EB6003A861A /* Build configuration list for PBXNativeTarget "sampleContactApp" */ = {
			isa = XCConfigurationList;
			buildConfigurations = (
				BBFA516428F84EB6003A861A /* Debug */,
				BBFA516528F84EB6003A861A /* Release */,
			);
			defaultConfigurationIsVisible = 0;
			defaultConfigurationName = Release;
		};
/* End XCConfigurationList section */

/* Begin XCVersionGroup section */
		BBFA515828F84EB5003A861A /* sampleContactApp.xcdatamodeld */ = {
			isa = XCVersionGroup;
			children = (
				BBFA515928F84EB5003A861A /* sampleContactApp.xcdatamodel */,
			);
			currentVersion = BBFA515928F84EB5003A861A /* sampleContactApp.xcdatamodel */;
			path = sampleContactApp.xcdatamodeld;
			sourceTree = "<group>";
			versionGroupType = wrapper.xcdatamodel;
		};
/* End XCVersionGroup section */
	};
	rootObject = BBFA514428F84EB5003A861A /* Project object */;
}
