// !$*UTF8*$!
{
	archiveVersion = 1;
	classes = {
	};
	objectVersion = 56;
	objects = {

/* Begin PBXBuildFile section */
		BB811B5C29816E7E00D1AE85 /* ViewController.swift in Sources */ = {isa = PBXBuildFile; fileRef = BB811B5B29816E7E00D1AE85 /* ViewController.swift */; };
		BBD6F14F29815BFE006AB215 /* AppDelegate.swift in Sources */ = {isa = PBXBuildFile; fileRef = BBD6F14E29815BFE006AB215 /* AppDelegate.swift */; };
		BBD6F15129815BFE006AB215 /* SceneDelegate.swift in Sources */ = {isa = PBXBuildFile; fileRef = BBD6F15029815BFE006AB215 /* SceneDelegate.swift */; };
		BBD6F15629815BFE006AB215 /* Main.storyboard in Resources */ = {isa = PBXBuildFile; fileRef = BBD6F15429815BFE006AB215 /* Main.storyboard */; };
		BBD6F15829815C00006AB215 /* Assets.xcassets in Resources */ = {isa = PBXBuildFile; fileRef = BBD6F15729815C00006AB215 /* Assets.xcassets */; };
		BBD6F15B29815C00006AB215 /* LaunchScreen.storyboard in Resources */ = {isa = PBXBuildFile; fileRef = BBD6F15929815C00006AB215 /* LaunchScreen.storyboard */; };
		BBD6F16A29815C8E006AB215 /* Presenter.swift in Sources */ = {isa = PBXBuildFile; fileRef = BBD6F16929815C8E006AB215 /* Presenter.swift */; };
		BBD6F16C29815CA3006AB215 /* Interactor.swift in Sources */ = {isa = PBXBuildFile; fileRef = BBD6F16B29815CA3006AB215 /* Interactor.swift */; };
		BBD6F16E29815CB9006AB215 /* Router.swift in Sources */ = {isa = PBXBuildFile; fileRef = BBD6F16D29815CB9006AB215 /* Router.swift */; };
		BBD6F17029815CCB006AB215 /* Protocols.swift in Sources */ = {isa = PBXBuildFile; fileRef = BBD6F16F29815CCB006AB215 /* Protocols.swift */; };
/* End PBXBuildFile section */

/* Begin PBXFileReference section */
		BB811B5B29816E7E00D1AE85 /* ViewController.swift */ = {isa = PBXFileReference; lastKnownFileType = sourcecode.swift; path = ViewController.swift; sourceTree = "<group>"; };
		BBD6F14B29815BFE006AB215 /* ViperPattern.app */ = {isa = PBXFileReference; explicitFileType = wrapper.application; includeInIndex = 0; path = ViperPattern.app; sourceTree = BUILT_PRODUCTS_DIR; };
		BBD6F14E29815BFE006AB215 /* AppDelegate.swift */ = {isa = PBXFileReference; lastKnownFileType = sourcecode.swift; path = AppDelegate.swift; sourceTree = "<group>"; };
		BBD6F15029815BFE006AB215 /* SceneDelegate.swift */ = {isa = PBXFileReference; lastKnownFileType = sourcecode.swift; path = SceneDelegate.swift; sourceTree = "<group>"; };
		BBD6F15529815BFE006AB215 /* Base */ = {isa = PBXFileReference; lastKnownFileType = file.storyboard; name = Base; path = Base.lproj/Main.storyboard; sourceTree = "<group>"; };
		BBD6F15729815C00006AB215 /* Assets.xcassets */ = {isa = PBXFileReference; lastKnownFileType = folder.assetcatalog; path = Assets.xcassets; sourceTree = "<group>"; };
		BBD6F15A29815C00006AB215 /* Base */ = {isa = PBXFileReference; lastKnownFileType = file.storyboard; name = Base; path = Base.lproj/LaunchScreen.storyboard; sourceTree = "<group>"; };
		BBD6F15C29815C00006AB215 /* Info.plist */ = {isa = PBXFileReference; lastKnownFileType = text.plist.xml; path = Info.plist; sourceTree = "<group>"; };
		BBD6F16929815C8E006AB215 /* Presenter.swift */ = {isa = PBXFileReference; lastKnownFileType = sourcecode.swift; path = Presenter.swift; sourceTree = "<group>"; };
		BBD6F16B29815CA3006AB215 /* Interactor.swift */ = {isa = PBXFileReference; lastKnownFileType = sourcecode.swift; path = Interactor.swift; sourceTree = "<group>"; };
		BBD6F16D29815CB9006AB215 /* Router.swift */ = {isa = PBXFileReference; lastKnownFileType = sourcecode.swift; path = Router.swift; sourceTree = "<group>"; };
		BBD6F16F29815CCB006AB215 /* Protocols.swift */ = {isa = PBXFileReference; lastKnownFileType = sourcecode.swift; path = Protocols.swift; sourceTree = "<group>"; };
/* End PBXFileReference section */

/* Begin PBXFrameworksBuildPhase section */
		BBD6F14829815BFE006AB215 /* Frameworks */ = {
			isa = PBXFrameworksBuildPhase;
			buildActionMask = 2147483647;
			files = (
			);
			runOnlyForDeploymentPostprocessing = 0;
		};
/* End PBXFrameworksBuildPhase section */

/* Begin PBXGroup section */
		BBD6F14229815BFE006AB215 = {
			isa = PBXGroup;
			children = (
				BBD6F14D29815BFE006AB215 /* ViperPattern */,
				BBD6F14C29815BFE006AB215 /* Products */,
			);
			sourceTree = "<group>";
		};
		BBD6F14C29815BFE006AB215 /* Products */ = {
			isa = PBXGroup;
			children = (
				BBD6F14B29815BFE006AB215 /* ViperPattern.app */,
			);
			name = Products;
			sourceTree = "<group>";
		};
		BBD6F14D29815BFE006AB215 /* ViperPattern */ = {
			isa = PBXGroup;
			children = (
				BBD6F14E29815BFE006AB215 /* AppDelegate.swift */,
				BBD6F15029815BFE006AB215 /* SceneDelegate.swift */,
				BBD6F16229815C08006AB215 /* home-module */,
				BBD6F15429815BFE006AB215 /* Main.storyboard */,
				BBD6F15729815C00006AB215 /* Assets.xcassets */,
				BBD6F15929815C00006AB215 /* LaunchScreen.storyboard */,
				BBD6F15C29815C00006AB215 /* Info.plist */,
			);
			path = ViperPattern;
			sourceTree = "<group>";
		};
		BBD6F16229815C08006AB215 /* home-module */ = {
			isa = PBXGroup;
			children = (
				BBD6F16829815C7B006AB215 /* view */,
				BBD6F16729815C6C006AB215 /* presenter */,
				BBD6F16629815C5D006AB215 /* interactor */,
				BBD6F16329815C16006AB215 /* protocols */,
				BBD6F16429815C29006AB215 /* router */,
			);
			path = "home-module";
			sourceTree = "<group>";
		};
		BBD6F16329815C16006AB215 /* protocols */ = {
			isa = PBXGroup;
			children = (
				BBD6F16F29815CCB006AB215 /* Protocols.swift */,
			);
			path = protocols;
			sourceTree = "<group>";
		};
		BBD6F16429815C29006AB215 /* router */ = {
			isa = PBXGroup;
			children = (
				BBD6F16D29815CB9006AB215 /* Router.swift */,
			);
			path = router;
			sourceTree = "<group>";
		};
		BBD6F16629815C5D006AB215 /* interactor */ = {
			isa = PBXGroup;
			children = (
				BBD6F16B29815CA3006AB215 /* Interactor.swift */,
			);
			path = interactor;
			sourceTree = "<group>";
		};
		BBD6F16729815C6C006AB215 /* presenter */ = {
			isa = PBXGroup;
			children = (
				BBD6F16929815C8E006AB215 /* Presenter.swift */,
			);
			path = presenter;
			sourceTree = "<group>";
		};
		BBD6F16829815C7B006AB215 /* view */ = {
			isa = PBXGroup;
			children = (
				BB811B5B29816E7E00D1AE85 /* ViewController.swift */,
			);
			path = view;
			sourceTree = "<group>";
		};
/* End PBXGroup section */

/* Begin PBXNativeTarget section */
		BBD6F14A29815BFE006AB215 /* ViperPattern */ = {
			isa = PBXNativeTarget;
			buildConfigurationList = BBD6F15F29815C00006AB215 /* Build configuration list for PBXNativeTarget "ViperPattern" */;
			buildPhases = (
				BBD6F14729815BFE006AB215 /* Sources */,
				BBD6F14829815BFE006AB215 /* Frameworks */,
				BBD6F14929815BFE006AB215 /* Resources */,
			);
			buildRules = (
			);
			dependencies = (
			);
			name = ViperPattern;
			productName = ViperPattern;
			productReference = BBD6F14B29815BFE006AB215 /* ViperPattern.app */;
			productType = "com.apple.product-type.application";
		};
/* End PBXNativeTarget section */

/* Begin PBXProject section */
		BBD6F14329815BFE006AB215 /* Project object */ = {
			isa = PBXProject;
			attributes = {
				BuildIndependentTargetsInParallel = 1;
				LastSwiftUpdateCheck = 1420;
				LastUpgradeCheck = 1420;
				TargetAttributes = {
					BBD6F14A29815BFE006AB215 = {
						CreatedOnToolsVersion = 14.2;
					};
				};
			};
			buildConfigurationList = BBD6F14629815BFE006AB215 /* Build configuration list for PBXProject "ViperPattern" */;
			compatibilityVersion = "Xcode 14.0";
			developmentRegion = en;
			hasScannedForEncodings = 0;
			knownRegions = (
				en,
				Base,
			);
			mainGroup = BBD6F14229815BFE006AB215;
			productRefGroup = BBD6F14C29815BFE006AB215 /* Products */;
			projectDirPath = "";
			projectRoot = "";
			targets = (
				BBD6F14A29815BFE006AB215 /* ViperPattern */,
			);
		};
/* End PBXProject section */

/* Begin PBXResourcesBuildPhase section */
		BBD6F14929815BFE006AB215 /* Resources */ = {
			isa = PBXResourcesBuildPhase;
			buildActionMask = 2147483647;
			files = (
				BBD6F15B29815C00006AB215 /* LaunchScreen.storyboard in Resources */,
				BBD6F15829815C00006AB215 /* Assets.xcassets in Resources */,
				BBD6F15629815BFE006AB215 /* Main.storyboard in Resources */,
			);
			runOnlyForDeploymentPostprocessing = 0;
		};
/* End PBXResourcesBuildPhase section */

/* Begin PBXSourcesBuildPhase section */
		BBD6F14729815BFE006AB215 /* Sources */ = {
			isa = PBXSourcesBuildPhase;
			buildActionMask = 2147483647;
			files = (
				BBD6F14F29815BFE006AB215 /* AppDelegate.swift in Sources */,
				BBD6F17029815CCB006AB215 /* Protocols.swift in Sources */,
				BBD6F16C29815CA3006AB215 /* Interactor.swift in Sources */,
				BBD6F16A29815C8E006AB215 /* Presenter.swift in Sources */,
				BB811B5C29816E7E00D1AE85 /* ViewController.swift in Sources */,
				BBD6F16E29815CB9006AB215 /* Router.swift in Sources */,
				BBD6F15129815BFE006AB215 /* SceneDelegate.swift in Sources */,
			);
			runOnlyForDeploymentPostprocessing = 0;
		};
/* End PBXSourcesBuildPhase section */

/* Begin PBXVariantGroup section */
		BBD6F15429815BFE006AB215 /* Main.storyboard */ = {
			isa = PBXVariantGroup;
			children = (
				BBD6F15529815BFE006AB215 /* Base */,
			);
			name = Main.storyboard;
			sourceTree = "<group>";
		};
		BBD6F15929815C00006AB215 /* LaunchScreen.storyboard */ = {
			isa = PBXVariantGroup;
			children = (
				BBD6F15A29815C00006AB215 /* Base */,
			);
			name = LaunchScreen.storyboard;
			sourceTree = "<group>";
		};
/* End PBXVariantGroup section */

/* Begin XCBuildConfiguration section */
		BBD6F15D29815C00006AB215 /* Debug */ = {
			isa = XCBuildConfiguration;
			buildSettings = {
				ALWAYS_SEARCH_USER_PATHS = NO;
				CLANG_ANALYZER_NONNULL = YES;
				CLANG_ANALYZER_NUMBER_OBJECT_CONVERSION = YES_AGGRESSIVE;
				CLANG_CXX_LANGUAGE_STANDARD = "gnu++20";
				CLANG_ENABLE_MODULES = YES;
				CLANG_ENABLE_OBJC_ARC = YES;
				CLANG_ENABLE_OBJC_WEAK = YES;
				CLANG_WARN_BLOCK_CAPTURE_AUTORELEASING = YES;
				CLANG_WARN_BOOL_CONVERSION = YES;
				CLANG_WARN_COMMA = YES;
				CLANG_WARN_CONSTANT_CONVERSION = YES;
				CLANG_WARN_DEPRECATED_OBJC_IMPLEMENTATIONS = YES;
				CLANG_WARN_DIRECT_OBJC_ISA_USAGE = YES_ERROR;
				CLANG_WARN_DOCUMENTATION_COMMENTS = YES;
				CLANG_WARN_EMPTY_BODY = YES;
				CLANG_WARN_ENUM_CONVERSION = YES;
				CLANG_WARN_INFINITE_RECURSION = YES;
				CLANG_WARN_INT_CONVERSION = YES;
				CLANG_WARN_NON_LITERAL_NULL_CONVERSION = YES;
				CLANG_WARN_OBJC_IMPLICIT_RETAIN_SELF = YES;
				CLANG_WARN_OBJC_LITERAL_CONVERSION = YES;
				CLANG_WARN_OBJC_ROOT_CLASS = YES_ERROR;
				CLANG_WARN_QUOTED_INCLUDE_IN_FRAMEWORK_HEADER = YES;
				CLANG_WARN_RANGE_LOOP_ANALYSIS = YES;
				CLANG_WARN_STRICT_PROTOTYPES = YES;
				CLANG_WARN_SUSPICIOUS_MOVE = YES;
				CLANG_WARN_UNGUARDED_AVAILABILITY = YES_AGGRESSIVE;
				CLANG_WARN_UNREACHABLE_CODE = YES;
				CLANG_WARN__DUPLICATE_METHOD_MATCH = YES;
				COPY_PHASE_STRIP = NO;
				DEBUG_INFORMATION_FORMAT = dwarf;
				ENABLE_STRICT_OBJC_MSGSEND = YES;
				ENABLE_TESTABILITY = YES;
				GCC_C_LANGUAGE_STANDARD = gnu11;
				GCC_DYNAMIC_NO_PIC = NO;
				GCC_NO_COMMON_BLOCKS = YES;
				GCC_OPTIMIZATION_LEVEL = 0;
				GCC_PREPROCESSOR_DEFINITIONS = (
					"DEBUG=1",
					"$(inherited)",
				);
				GCC_WARN_64_TO_32_BIT_CONVERSION = YES;
				GCC_WARN_ABOUT_RETURN_TYPE = YES_ERROR;
				GCC_WARN_UNDECLARED_SELECTOR = YES;
				GCC_WARN_UNINITIALIZED_AUTOS = YES_AGGRESSIVE;
				GCC_WARN_UNUSED_FUNCTION = YES;
				GCC_WARN_UNUSED_VARIABLE = YES;
				IPHONEOS_DEPLOYMENT_TARGET = 16.2;
				MTL_ENABLE_DEBUG_INFO = INCLUDE_SOURCE;
				MTL_FAST_MATH = YES;
				ONLY_ACTIVE_ARCH = YES;
				SDKROOT = iphoneos;
				SWIFT_ACTIVE_COMPILATION_CONDITIONS = DEBUG;
				SWIFT_OPTIMIZATION_LEVEL = "-Onone";
			};
			name = Debug;
		};
		BBD6F15E29815C00006AB215 /* Release */ = {
			isa = XCBuildConfiguration;
			buildSettings = {
				ALWAYS_SEARCH_USER_PATHS = NO;
				CLANG_ANALYZER_NONNULL = YES;
				CLANG_ANALYZER_NUMBER_OBJECT_CONVERSION = YES_AGGRESSIVE;
				CLANG_CXX_LANGUAGE_STANDARD = "gnu++20";
				CLANG_ENABLE_MODULES = YES;
				CLANG_ENABLE_OBJC_ARC = YES;
				CLANG_ENABLE_OBJC_WEAK = YES;
				CLANG_WARN_BLOCK_CAPTURE_AUTORELEASING = YES;
				CLANG_WARN_BOOL_CONVERSION = YES;
				CLANG_WARN_COMMA = YES;
				CLANG_WARN_CONSTANT_CONVERSION = YES;
				CLANG_WARN_DEPRECATED_OBJC_IMPLEMENTATIONS = YES;
				CLANG_WARN_DIRECT_OBJC_ISA_USAGE = YES_ERROR;
				CLANG_WARN_DOCUMENTATION_COMMENTS = YES;
				CLANG_WARN_EMPTY_BODY = YES;
				CLANG_WARN_ENUM_CONVERSION = YES;
				CLANG_WARN_INFINITE_RECURSION = YES;
				CLANG_WARN_INT_CONVERSION = YES;
				CLANG_WARN_NON_LITERAL_NULL_CONVERSION = YES;
				CLANG_WARN_OBJC_IMPLICIT_RETAIN_SELF = YES;
				CLANG_WARN_OBJC_LITERAL_CONVERSION = YES;
				CLANG_WARN_OBJC_ROOT_CLASS = YES_ERROR;
				CLANG_WARN_QUOTED_INCLUDE_IN_FRAMEWORK_HEADER = YES;
				CLANG_WARN_RANGE_LOOP_ANALYSIS = YES;
				CLANG_WARN_STRICT_PROTOTYPES = YES;
				CLANG_WARN_SUSPICIOUS_MOVE = YES;
				CLANG_WARN_UNGUARDED_AVAILABILITY = YES_AGGRESSIVE;
				CLANG_WARN_UNREACHABLE_CODE = YES;
				CLANG_WARN__DUPLICATE_METHOD_MATCH = YES;
				COPY_PHASE_STRIP = NO;
				DEBUG_INFORMATION_FORMAT = "dwarf-with-dsym";
				ENABLE_NS_ASSERTIONS = NO;
				ENABLE_STRICT_OBJC_MSGSEND = YES;
				GCC_C_LANGUAGE_STANDARD = gnu11;
				GCC_NO_COMMON_BLOCKS = YES;
				GCC_WARN_64_TO_32_BIT_CONVERSION = YES;
				GCC_WARN_ABOUT_RETURN_TYPE = YES_ERROR;
				GCC_WARN_UNDECLARED_SELECTOR = YES;
				GCC_WARN_UNINITIALIZED_AUTOS = YES_AGGRESSIVE;
				GCC_WARN_UNUSED_FUNCTION = YES;
				GCC_WARN_UNUSED_VARIABLE = YES;
				IPHONEOS_DEPLOYMENT_TARGET = 16.2;
				MTL_ENABLE_DEBUG_INFO = NO;
				MTL_FAST_MATH = YES;
				SDKROOT = iphoneos;
				SWIFT_COMPILATION_MODE = wholemodule;
				SWIFT_OPTIMIZATION_LEVEL = "-O";
				VALIDATE_PRODUCT = YES;
			};
			name = Release;
		};
		BBD6F16029815C00006AB215 /* Debug */ = {
			isa = XCBuildConfiguration;
			buildSettings = {
				ASSETCATALOG_COMPILER_APPICON_NAME = AppIcon;
				ASSETCATALOG_COMPILER_GLOBAL_ACCENT_COLOR_NAME = AccentColor;
				CODE_SIGN_STYLE = Automatic;
				CURRENT_PROJECT_VERSION = 1;
				DEVELOPMENT_TEAM = 7WTYA7M3KW;
				GENERATE_INFOPLIST_FILE = YES;
				INFOPLIST_FILE = ViperPattern/Info.plist;
				INFOPLIST_KEY_UIApplicationSupportsIndirectInputEvents = YES;
				INFOPLIST_KEY_UILaunchStoryboardName = LaunchScreen;
				INFOPLIST_KEY_UIMainStoryboardFile = Main;
				INFOPLIST_KEY_UISupportedInterfaceOrientations_iPad = "UIInterfaceOrientationPortrait UIInterfaceOrientationPortraitUpsideDown UIInterfaceOrientationLandscapeLeft UIInterfaceOrientationLandscapeRight";
				INFOPLIST_KEY_UISupportedInterfaceOrientations_iPhone = "UIInterfaceOrientationPortrait UIInterfaceOrientationLandscapeLeft UIInterfaceOrientationLandscapeRight";
				LD_RUNPATH_SEARCH_PATHS = (
					"$(inherited)",
					"@executable_path/Frameworks",
				);
				MARKETING_VERSION = 1.0;
				PRODUCT_BUNDLE_IDENTIFIER = com.yusufcanbircan.ViperPattern;
				PRODUCT_NAME = "$(TARGET_NAME)";
				SWIFT_EMIT_LOC_STRINGS = YES;
				SWIFT_VERSION = 5.0;
				TARGETED_DEVICE_FAMILY = "1,2";
			};
			name = Debug;
		};
		BBD6F16129815C00006AB215 /* Release */ = {
			isa = XCBuildConfiguration;
			buildSettings = {
				ASSETCATALOG_COMPILER_APPICON_NAME = AppIcon;
				ASSETCATALOG_COMPILER_GLOBAL_ACCENT_COLOR_NAME = AccentColor;
				CODE_SIGN_STYLE = Automatic;
				CURRENT_PROJECT_VERSION = 1;
				DEVELOPMENT_TEAM = 7WTYA7M3KW;
				GENERATE_INFOPLIST_FILE = YES;
				INFOPLIST_FILE = ViperPattern/Info.plist;
				INFOPLIST_KEY_UIApplicationSupportsIndirectInputEvents = YES;
				INFOPLIST_KEY_UILaunchStoryboardName = LaunchScreen;
				INFOPLIST_KEY_UIMainStoryboardFile = Main;
				INFOPLIST_KEY_UISupportedInterfaceOrientations_iPad = "UIInterfaceOrientationPortrait UIInterfaceOrientationPortraitUpsideDown UIInterfaceOrientationLandscapeLeft UIInterfaceOrientationLandscapeRight";
				INFOPLIST_KEY_UISupportedInterfaceOrientations_iPhone = "UIInterfaceOrientationPortrait UIInterfaceOrientationLandscapeLeft UIInterfaceOrientationLandscapeRight";
				LD_RUNPATH_SEARCH_PATHS = (
					"$(inherited)",
					"@executable_path/Frameworks",
				);
				MARKETING_VERSION = 1.0;
				PRODUCT_BUNDLE_IDENTIFIER = com.yusufcanbircan.ViperPattern;
				PRODUCT_NAME = "$(TARGET_NAME)";
				SWIFT_EMIT_LOC_STRINGS = YES;
				SWIFT_VERSION = 5.0;
				TARGETED_DEVICE_FAMILY = "1,2";
			};
			name = Release;
		};
/* End XCBuildConfiguration section */

/* Begin XCConfigurationList section */
		BBD6F14629815BFE006AB215 /* Build configuration list for PBXProject "ViperPattern" */ = {
			isa = XCConfigurationList;
			buildConfigurations = (
				BBD6F15D29815C00006AB215 /* Debug */,
				BBD6F15E29815C00006AB215 /* Release */,
			);
			defaultConfigurationIsVisible = 0;
			defaultConfigurationName = Release;
		};
		BBD6F15F29815C00006AB215 /* Build configuration list for PBXNativeTarget "ViperPattern" */ = {
			isa = XCConfigurationList;
			buildConfigurations = (
				BBD6F16029815C00006AB215 /* Debug */,
				BBD6F16129815C00006AB215 /* Release */,
			);
			defaultConfigurationIsVisible = 0;
			defaultConfigurationName = Release;
		};
/* End XCConfigurationList section */
	};
	rootObject = BBD6F14329815BFE006AB215 /* Project object */;
}
